
Microsoft Visual Studio Solution File, Format Version 12.00
# Visual Studio Version 16
VisualStudioVersion = 16.0.29306.81
MinimumVisualStudioVersion = 10.0.40219.1
Project("{9A19103F-16F7-4668-BE54-9A1E7A4F7556}") = "dotnetcore22console", "dotnetcore22console\dotnetcore22console.csproj", "{3B10BA07-B6A4-4284-9D56-290C48126682}"
EndProject
Global
	GlobalSection(SolutionConfigurationPlatforms) = preSolution
		Debug|Any CPU = Debug|Any CPU
		Release|Any CPU = Release|Any CPU
	EndGlobalSection
	GlobalSection(ProjectConfigurationPlatforms) = postSolution
		{3B10BA07-B6A4-4284-9D56-290C48126682}.Debug|Any CPU.ActiveCfg = Debug|Any CPU
		{3B10BA07-B6A4-4284-9D56-290C48126682}.Debug|Any CPU.Build.0 = Debug|Any CPU
		{3B10BA07-B6A4-4284-9D56-290C48126682}.Release|Any CPU.ActiveCfg = Release|Any CPU
		{3B10BA07-B6A4-4284-9D56-290C48126682}.Release|Any CPU.Build.0 = Release|Any CPU
	EndGlobalSection
	GlobalSection(SolutionProperties) = preSolution
		HideSolutionNode = FALSE
	EndGlobalSection
	GlobalSection(ExtensibilityGlobals) = postSolution
		SolutionGuid = {06C3F974-4C8C-4833-92DC-AA063E90DFEE}
	EndGlobalSection
EndGlobal
